<?xml version="1.0" encoding="utf-8"?>
<Project ToolsVersion="4.0" xmlns="http://schemas.microsoft.com/developer/msbuild/2003">
  <ItemGroup>
    <Filter Include="Source Files">
      <UniqueIdentifier>{f560f470-f5b7-49a2-ab59-81415d271af4}</UniqueIdentifier>
      <Extensions>cpp;c;cxx;rc;def;r;odl;idl;hpj;bat</Extensions>
    </Filter>
    <Filter Include="Header Files">
      <UniqueIdentifier>{818abfa8-9591-4639-974d-676c457aa627}</UniqueIdentifier>
      <Extensions>h;hpp;hxx;hm;inl</Extensions>
    </Filter>
    <Filter Include="Resource Files">
      <UniqueIdentifier>{9bf9b8de-ae29-4435-b691-1db08976d335}</UniqueIdentifier>
      <Extensions>ico;cur;bmp;dlg;rc2;rct;bin;rgs;gif;jpg;jpeg;jpe</Extensions>
    </Filter>
  </ItemGroup>
  <ItemGroup>
    <ClCompile Include="..\source\visplane.cpp">
      <Filter>Source Files</Filter>
    </ClCompile>
    <ClCompile Include="..\source\video.cpp">
      <Filter>Source Files</Filter>
    </ClCompile>
    <ClCompile Include="..\source\vblit.cpp">
      <Filter>Source Files</Filter>
    </ClCompile>
    <ClCompile Include="..\source\render.cpp">
      <Filter>Source Files</Filter>
    </ClCompile>
    <ClCompile Include="..\source\rect.cpp">
      <Filter>Source Files</Filter>
    </ClCompile>
    <ClCompile Include="..\source\mapdata.cpp">
      <Filter>Source Files</Filter>
    </ClCompile>
    <ClCompile Include="..\source\main.cpp">
      <Filter>Source Files</Filter>
    </ClCompile>
    <ClCompile Include="..\source\error.cpp">
      <Filter>Source Files</Filter>
    </ClCompile>
    <ClCompile Include="..\source\draw32.cpp">
      <Filter>Source Files</Filter>
    </ClCompile>
    <ClCompile Include="..\source\draw8.cpp">
      <Filter>Source Files</Filter>
    </ClCompile>
    <ClCompile Include="..\source\draw16.cpp">
      <Filter>Source Files</Filter>
    </ClCompile>
  </ItemGroup>
  <ItemGroup>
    <ClInclude Include="..\source\error.h">
      <Filter>Header Files</Filter>
    </ClInclude>
    <ClInclude Include="..\source\light.h">
      <Filter>Header Files</Filter>
    </ClInclude>
    <ClInclude Include="..\source\mapdata.h">
      <Filter>Header Files</Filter>
    </ClInclude>
    <ClInclude Include="..\source\matrix.h">
      <Filter>Header Files</Filter>
    </ClInclude>
    <ClInclude Include="..\source\pixelmath.h">
      <Filter>Header Files</Filter>
    </ClInclude>
    <ClInclude Include="..\source\rect.h">
      <Filter>Header Files</Filter>
    </ClInclude>
    <ClInclude Include="..\source\render.h">
      <Filter>Header Files</Filter>
    </ClInclude>
    <ClInclude Include="..\source\vectors.h">
      <Filter>Header Files</Filter>
    </ClInclude>
    <ClInclude Include="..\source\video.h">
      <Filter>Header Files</Filter>
    </ClInclude>
    <ClInclude Include="..\source\visplane.h">
      <Filter>Header Files</Filter>
    </ClInclude>
  </ItemGroup>
</Project>